
Microsoft Visual Studio Solution File, Format Version 12.00
# Visual Studio Version 17
VisualStudioVersion = 17.0.31912.275
MinimumVisualStudioVersion = 10.0.40219.1
Project("{FAE04EC0-301F-11D3-BF4B-00C04F79EFBC}") = "q61", "q61\q61.csproj", "{D8D15026-3110-4236-8F5F-1A8B960878A3}"
EndProject
Global
	GlobalSection(SolutionConfigurationPlatforms) = preSolution
		Debug|Any CPU = Debug|Any CPU
		Release|Any CPU = Release|Any CPU
	EndGlobalSection
	GlobalSection(ProjectConfigurationPlatforms) = postSolution
		{D8D15026-3110-4236-8F5F-1A8B960878A3}.Debug|Any CPU.ActiveCfg = Debug|Any CPU
		{D8D15026-3110-4236-8F5F-1A8B960878A3}.Debug|Any CPU.Build.0 = Debug|Any CPU
		{D8D15026-3110-4236-8F5F-1A8B960878A3}.Release|Any CPU.ActiveCfg = Release|Any CPU
		{D8D15026-3110-4236-8F5F-1A8B960878A3}.Release|Any CPU.Build.0 = Release|Any CPU
	EndGlobalSection
	GlobalSection(SolutionProperties) = preSolution
		HideSolutionNode = FALSE
	EndGlobalSection
	GlobalSection(ExtensibilityGlobals) = postSolution
		SolutionGuid = {C1CDB274-8D0A-4E55-BF5C-EAD7A84540D7}
	EndGlobalSection
EndGlobal
